{
  "name": "sailboat_calculator",
  "version": "0.0.0",
  "lockfileVersion": 3,
  "requires": true,
  "packages": {
    "": {
      "name": "sailboat_calculator",
      "version": "0.0.0",
      "dependencies": {
        "bezier": "^0.1.0",
        "bezier-easing": "^2.1.0",
        "bezier.js": "^0.0.0",
        "utils": "^0.3.1"
      },
      "devDependencies": {
        "vite": "^4.4.0"
      }
    },
    "node_modules/@esbuild/android-arm": {
      "version": "0.18.11",
      "resolved": "https://registry.npmjs.org/@esbuild/android-arm/-/android-arm-0.18.11.tgz",
      "integrity": "sha512-q4qlUf5ucwbUJZXF5tEQ8LF7y0Nk4P58hOsGk3ucY0oCwgQqAnqXVbUuahCddVHfrxmpyewRpiTHwVHIETYu7Q==",
      "cpu": [
        "arm"
      ],
      "dev": true,
      "optional": true,
      "os": [
        "android"
      ],
      "engines": {
        "node": ">=12"
      }
    },
    "node_modules/@esbuild/android-arm64": {
      "version": "0.18.11",
      "resolved": "https://registry.npmjs.org/@esbuild/android-arm64/-/android-arm64-0.18.11.tgz",
      "integrity": "sha512-snieiq75Z1z5LJX9cduSAjUr7vEI1OdlzFPMw0HH5YI7qQHDd3qs+WZoMrWYDsfRJSq36lIA6mfZBkvL46KoIw==",
      "cpu": [
        "arm64"
      ],
      "dev": true,
      "optional": true,
      "os": [
        "android"
      ],
      "engines": {
        "node": ">=12"
      }
    },
    "node_modules/@esbuild/android-x64": {
      "version": "0.18.11",
      "resolved": "https://registry.npmjs.org/@esbuild/android-x64/-/android-x64-0.18.11.tgz",
      "integrity": "sha512-iPuoxQEV34+hTF6FT7om+Qwziv1U519lEOvekXO9zaMMlT9+XneAhKL32DW3H7okrCOBQ44BMihE8dclbZtTuw==",
      "cpu": [
        "x64"
      ],
      "dev": true,
      "optional": true,
      "os": [
        "android"
      ],
      "engines": {
        "node": ">=12"
      }
    },
    "node_modules/@esbuild/darwin-arm64": {
      "version": "0.18.11",
      "resolved": "https://registry.npmjs.org/@esbuild/darwin-arm64/-/darwin-arm64-0.18.11.tgz",
      "integrity": "sha512-Gm0QkI3k402OpfMKyQEEMG0RuW2LQsSmI6OeO4El2ojJMoF5NLYb3qMIjvbG/lbMeLOGiW6ooU8xqc+S0fgz2w==",
      "cpu": [
        "arm64"
      ],
      "dev": true,
      "optional": true,
      "os": [
        "darwin"
      ],
      "engines": {
        "node": ">=12"
      }
    },
    "node_modules/@esbuild/darwin-x64": {
      "version": "0.18.11",
      "resolved": "https://registry.npmjs.org/@esbuild/darwin-x64/-/darwin-x64-0.18.11.tgz",
      "integrity": "sha512-N15Vzy0YNHu6cfyDOjiyfJlRJCB/ngKOAvoBf1qybG3eOq0SL2Lutzz9N7DYUbb7Q23XtHPn6lMDF6uWbGv9Fw==",
      "cpu": [
        "x64"
      ],
      "dev": true,
      "optional": true,
      "os": [
        "darwin"
      ],
      "engines": {
        "node": ">=12"
      }
    },
    "node_modules/@esbuild/freebsd-arm64": {
      "version": "0.18.11",
      "resolved": "https://registry.npmjs.org/@esbuild/freebsd-arm64/-/freebsd-arm64-0.18.11.tgz",
      "integrity": "sha512-atEyuq6a3omEY5qAh5jIORWk8MzFnCpSTUruBgeyN9jZq1K/QI9uke0ATi3MHu4L8c59CnIi4+1jDKMuqmR71A==",
      "cpu": [
        "arm64"
      ],
      "dev": true,
      "optional": true,
      "os": [
        "freebsd"
      ],
      "engines": {
        "node": ">=12"
      }
    },
    "node_modules/@esbuild/freebsd-x64": {
      "version": "0.18.11",
      "resolved": "https://registry.npmjs.org/@esbuild/freebsd-x64/-/freebsd-x64-0.18.11.tgz",
      "integrity": "sha512-XtuPrEfBj/YYYnAAB7KcorzzpGTvOr/dTtXPGesRfmflqhA4LMF0Gh/n5+a9JBzPuJ+CGk17CA++Hmr1F/gI0Q==",
      "cpu": [
        "x64"
      ],
      "dev": true,
      "optional": true,
      "os": [
        "freebsd"
      ],
      "engines": {
        "node": ">=12"
      }
    },
    "node_modules/@esbuild/linux-arm": {
      "version": "0.18.11",
      "resolved": "https://registry.npmjs.org/@esbuild/linux-arm/-/linux-arm-0.18.11.tgz",
      "integrity": "sha512-Idipz+Taso/toi2ETugShXjQ3S59b6m62KmLHkJlSq/cBejixmIydqrtM2XTvNCywFl3VC7SreSf6NV0i6sRyg==",
      "cpu": [
        "arm"
      ],
      "dev": true,
      "optional": true,
      "os": [
        "linux"
      ],
      "engines": {
        "node": ">=12"
      }
    },
    "node_modules/@esbuild/linux-arm64": {
      "version": "0.18.11",
      "resolved": "https://registry.npmjs.org/@esbuild/linux-arm64/-/linux-arm64-0.18.11.tgz",
      "integrity": "sha512-c6Vh2WS9VFKxKZ2TvJdA7gdy0n6eSy+yunBvv4aqNCEhSWVor1TU43wNRp2YLO9Vng2G+W94aRz+ILDSwAiYog==",
      "cpu": [
        "arm64"
      ],
      "dev": true,
      "optional": true,
      "os": [
        "linux"
      ],
      "engines": {
        "node": ">=12"
      }
    },
    "node_modules/@esbuild/linux-ia32": {
      "version": "0.18.11",
      "resolved": "https://registry.npmjs.org/@esbuild/linux-ia32/-/linux-ia32-0.18.11.tgz",
      "integrity": "sha512-S3hkIF6KUqRh9n1Q0dSyYcWmcVa9Cg+mSoZEfFuzoYXXsk6196qndrM+ZiHNwpZKi3XOXpShZZ+9dfN5ykqjjw==",
      "cpu": [
        "ia32"
      ],
      "dev": true,
      "optional": true,
      "os": [
        "linux"
      ],
      "engines": {
        "node": ">=12"
      }
    },
    "node_modules/@esbuild/linux-loong64": {
      "version": "0.18.11",
      "resolved": "https://registry.npmjs.org/@esbuild/linux-loong64/-/linux-loong64-0.18.11.tgz",
      "integrity": "sha512-MRESANOoObQINBA+RMZW+Z0TJWpibtE7cPFnahzyQHDCA9X9LOmGh68MVimZlM9J8n5Ia8lU773te6O3ILW8kw==",
      "cpu": [
        "loong64"
      ],
      "dev": true,
      "optional": true,
      "os": [
        "linux"
      ],
      "engines": {
        "node": ">=12"
      }
    },
    "node_modules/@esbuild/linux-mips64el": {
      "version": "0.18.11",
      "resolved": "https://registry.npmjs.org/@esbuild/linux-mips64el/-/linux-mips64el-0.18.11.tgz",
      "integrity": "sha512-qVyPIZrXNMOLYegtD1u8EBccCrBVshxMrn5MkuFc3mEVsw7CCQHaqZ4jm9hbn4gWY95XFnb7i4SsT3eflxZsUg==",
      "cpu": [
        "mips64el"
      ],
      "dev": true,
      "optional": true,
      "os": [
        "linux"
      ],
      "engines": {
        "node": ">=12"
      }
    },
    "node_modules/@esbuild/linux-ppc64": {
      "version": "0.18.11",
      "resolved": "https://registry.npmjs.org/@esbuild/linux-ppc64/-/linux-ppc64-0.18.11.tgz",
      "integrity": "sha512-T3yd8vJXfPirZaUOoA9D2ZjxZX4Gr3QuC3GztBJA6PklLotc/7sXTOuuRkhE9W/5JvJP/K9b99ayPNAD+R+4qQ==",
      "cpu": [
        "ppc64"
      ],
      "dev": true,
      "optional": true,
      "os": [
        "linux"
      ],
      "engines": {
        "node": ">=12"
      }
    },
    "node_modules/@esbuild/linux-riscv64": {
      "version": "0.18.11",
      "resolved": "https://registry.npmjs.org/@esbuild/linux-riscv64/-/linux-riscv64-0.18.11.tgz",
      "integrity": "sha512-evUoRPWiwuFk++snjH9e2cAjF5VVSTj+Dnf+rkO/Q20tRqv+644279TZlPK8nUGunjPAtQRCj1jQkDAvL6rm2w==",
      "cpu": [
        "riscv64"
      ],
      "dev": true,
      "optional": true,
      "os": [
        "linux"
      ],
      "engines": {
        "node": ">=12"
      }
    },
    "node_modules/@esbuild/linux-s390x": {
      "version": "0.18.11",
      "resolved": "https://registry.npmjs.org/@esbuild/linux-s390x/-/linux-s390x-0.18.11.tgz",
      "integrity": "sha512-/SlRJ15XR6i93gRWquRxYCfhTeC5PdqEapKoLbX63PLCmAkXZHY2uQm2l9bN0oPHBsOw2IswRZctMYS0MijFcg==",
      "cpu": [
        "s390x"
      ],
      "dev": true,
      "optional": true,
      "os": [
        "linux"
      ],
      "engines": {
        "node": ">=12"
      }
    },
    "node_modules/@esbuild/linux-x64": {
      "version": "0.18.11",
      "resolved": "https://registry.npmjs.org/@esbuild/linux-x64/-/linux-x64-0.18.11.tgz",
      "integrity": "sha512-xcncej+wF16WEmIwPtCHi0qmx1FweBqgsRtEL1mSHLFR6/mb3GEZfLQnx+pUDfRDEM4DQF8dpXIW7eDOZl1IbA==",
      "cpu": [
        "x64"
      ],
      "dev": true,
      "optional": true,
      "os": [
        "linux"
      ],
      "engines": {
        "node": ">=12"
      }
    },
    "node_modules/@esbuild/netbsd-x64": {
      "version": "0.18.11",
      "resolved": "https://registry.npmjs.org/@esbuild/netbsd-x64/-/netbsd-x64-0.18.11.tgz",
      "integrity": "sha512-aSjMHj/F7BuS1CptSXNg6S3M4F3bLp5wfFPIJM+Km2NfIVfFKhdmfHF9frhiCLIGVzDziggqWll0B+9AUbud/Q==",
      "cpu": [
        "x64"
      ],
      "dev": true,
      "optional": true,
      "os": [
        "netbsd"
      ],
      "engines": {
        "node": ">=12"
      }
    },
    "node_modules/@esbuild/openbsd-x64": {
      "version": "0.18.11",
      "resolved": "https://registry.npmjs.org/@esbuild/openbsd-x64/-/openbsd-x64-0.18.11.tgz",
      "integrity": "sha512-tNBq+6XIBZtht0xJGv7IBB5XaSyvYPCm1PxJ33zLQONdZoLVM0bgGqUrXnJyiEguD9LU4AHiu+GCXy/Hm9LsdQ==",
      "cpu": [
        "x64"
      ],
      "dev": true,
      "optional": true,
      "os": [
        "openbsd"
      ],
      "engines": {
        "node": ">=12"
      }
    },
    "node_modules/@esbuild/sunos-x64": {
      "version": "0.18.11",
      "resolved": "https://registry.npmjs.org/@esbuild/sunos-x64/-/sunos-x64-0.18.11.tgz",
      "integrity": "sha512-kxfbDOrH4dHuAAOhr7D7EqaYf+W45LsAOOhAet99EyuxxQmjbk8M9N4ezHcEiCYPaiW8Dj3K26Z2V17Gt6p3ng==",
      "cpu": [
        "x64"
      ],
      "dev": true,
      "optional": true,
      "os": [
        "sunos"
      ],
      "engines": {
        "node": ">=12"
      }
    },
    "node_modules/@esbuild/win32-arm64": {
      "version": "0.18.11",
      "resolved": "https://registry.npmjs.org/@esbuild/win32-arm64/-/win32-arm64-0.18.11.tgz",
      "integrity": "sha512-Sh0dDRyk1Xi348idbal7lZyfSkjhJsdFeuC13zqdipsvMetlGiFQNdO+Yfp6f6B4FbyQm7qsk16yaZk25LChzg==",
      "cpu": [
        "arm64"
      ],
      "dev": true,
      "optional": true,
      "os": [
        "win32"
      ],
      "engines": {
        "node": ">=12"
      }
    },
    "node_modules/@esbuild/win32-ia32": {
      "version": "0.18.11",
      "resolved": "https://registry.npmjs.org/@esbuild/win32-ia32/-/win32-ia32-0.18.11.tgz",
      "integrity": "sha512-o9JUIKF1j0rqJTFbIoF4bXj6rvrTZYOrfRcGyL0Vm5uJ/j5CkBD/51tpdxe9lXEDouhRgdr/BYzUrDOvrWwJpg==",
      "cpu": [
        "ia32"
      ],
      "dev": true,
      "optional": true,
      "os": [
        "win32"
      ],
      "engines": {
        "node": ">=12"
      }
    },
    "node_modules/@esbuild/win32-x64": {
      "version": "0.18.11",
      "resolved": "https://registry.npmjs.org/@esbuild/win32-x64/-/win32-x64-0.18.11.tgz",
      "integrity": "sha512-rQI4cjLHd2hGsM1LqgDI7oOCYbQ6IBOVsX9ejuRMSze0GqXUG2ekwiKkiBU1pRGSeCqFFHxTrcEydB2Hyoz9CA==",
      "cpu": [
        "x64"
      ],
      "dev": true,
      "optional": true,
      "os": [
        "win32"
      ],
      "engines": {
        "node": ">=12"
      }
    },
    "node_modules/align-text": {
      "version": "0.1.4",
      "resolved": "https://registry.npmjs.org/align-text/-/align-text-0.1.4.tgz",
      "integrity": "sha512-GrTZLRpmp6wIC2ztrWW9MjjTgSKccffgFagbNDOX95/dcjEcYZibYTeaOntySQLcdw1ztBoFkviiUvTMbb9MYg==",
      "dependencies": {
        "kind-of": "^3.0.2",
        "longest": "^1.0.1",
        "repeat-string": "^1.5.2"
      },
      "engines": {
        "node": ">=0.10.0"
      }
    },
    "node_modules/align-text/node_modules/kind-of": {
      "version": "3.2.2",
      "resolved": "https://registry.npmjs.org/kind-of/-/kind-of-3.2.2.tgz",
      "integrity": "sha512-NOW9QQXMoZGg/oqnVNoNTTIFEIid1627WCffUBJEdMxYApq7mNE7CpzucIPc+ZQg25Phej7IJSmX3hO+oblOtQ==",
      "dependencies": {
        "is-buffer": "^1.1.5"
      },
      "engines": {
        "node": ">=0.10.0"
      }
    },
    "node_modules/any": {
      "version": "1.0.0",
      "resolved": "https://registry.npmjs.org/any/-/any-1.0.0.tgz",
      "integrity": "sha512-eHlqaTpbeFyxHAo2H8XI566tY/m+lvRUTsFwBNtWP08qJe7bf16Oj5ab2coiuY9yTMvzFgjpWbuqQIFqH+yi+w==",
      "dependencies": {
        "for-own": "^0.1.2",
        "make-iterator": "^0.1.0"
      },
      "engines": {
        "node": ">=0.10.0"
      }
    },
    "node_modules/any/node_modules/make-iterator": {
      "version": "0.1.1",
      "resolved": "https://registry.npmjs.org/make-iterator/-/make-iterator-0.1.1.tgz",
      "integrity": "sha512-s8tbTxYqrfcXYHAPxUecPxgBnWod7yFShdSOWiV17WRM87bBH2mzr24A4tpUDv9SqebaV6JsPApwKXnisMmMBA==",
      "dependencies": {
        "for-own": "^0.1.1"
      },
      "engines": {
        "node": ">=0.10.0"
      }
    },
    "node_modules/arr-diff": {
      "version": "1.1.0",
      "resolved": "https://registry.npmjs.org/arr-diff/-/arr-diff-1.1.0.tgz",
      "integrity": "sha512-OQwDZUqYaQwyyhDJHThmzId8daf4/RFNLaeh3AevmSeZ5Y7ug4Ga/yKc6l6kTZOBW781rCj103ZuTh8GAsB3+Q==",
      "dependencies": {
        "arr-flatten": "^1.0.1",
        "array-slice": "^0.2.3"
      },
      "engines": {
        "node": ">=0.10.0"
      }
    },
    "node_modules/arr-flatten": {
      "version": "1.1.0",
      "resolved": "https://registry.npmjs.org/arr-flatten/-/arr-flatten-1.1.0.tgz",
      "integrity": "sha512-L3hKV5R/p5o81R7O02IGnwpDmkp6E982XhtbuwSe3O4qOtMMMtodicASA1Cny2U+aCXcNpml+m4dPsvsJ3jatg==",
      "engines": {
        "node": ">=0.10.0"
      }
    },
    "node_modules/arr-map": {
      "version": "2.0.2",
      "resolved": "https://registry.npmjs.org/arr-map/-/arr-map-2.0.2.tgz",
      "integrity": "sha512-tVqVTHt+Q5Xb09qRkbu+DidW1yYzz5izWS2Xm2yFm7qJnmUfz4HPzNxbHkdRJbz2lrqI7S+z17xNYdFcBBO8Hw==",
      "dependencies": {
        "make-iterator": "^1.0.0"
      },
      "engines": {
        "node": ">=0.10.0"
      }
    },
    "node_modules/arr-map/node_modules/kind-of": {
      "version": "6.0.3",
      "resolved": "https://registry.npmjs.org/kind-of/-/kind-of-6.0.3.tgz",
      "integrity": "sha512-dcS1ul+9tmeD95T+x28/ehLgd9mENa3LsvDTtzm3vyBEO7RPptvAD+t44WVXaUjTBRcrpFeFlC8WCruUR456hw==",
      "engines": {
        "node": ">=0.10.0"
      }
    },
    "node_modules/arr-map/node_modules/make-iterator": {
      "version": "1.0.1",
      "resolved": "https://registry.npmjs.org/make-iterator/-/make-iterator-1.0.1.tgz",
      "integrity": "sha512-pxiuXh0iVEq7VM7KMIhs5gxsfxCux2URptUQaXo4iZZJxBAzTPOLE2BumO5dbfVYq/hBJFBR/a1mFDmOx5AGmw==",
      "dependencies": {
        "kind-of": "^6.0.2"
      },
      "engines": {
        "node": ">=0.10.0"
      }
    },
    "node_modules/arr-union": {
      "version": "3.1.0",
      "resolved": "https://registry.npmjs.org/arr-union/-/arr-union-3.1.0.tgz",
      "integrity": "sha512-sKpyeERZ02v1FeCZT8lrfJq5u6goHCtpTAzPwJYe7c8SPFOboNjNg1vz2L4VTn9T4PQxEx13TbXLmYUcS6Ug7Q==",
      "engines": {
        "node": ">=0.10.0"
      }
    },
    "node_modules/array-each": {
      "version": "0.1.1",
      "resolved": "https://registry.npmjs.org/array-each/-/array-each-0.1.1.tgz",
      "integrity": "sha512-UeLKGl1CO9AS8+y+d+sCoI4PEFcphx0fGlPiOgzlYAmofYov5fpqvqZdTEk11nXV2E6a6WtepT2gEB0RL2fnmg==",
      "engines": {
        "node": ">=0.10.0"
      }
    },
    "node_modules/array-slice": {
      "version": "0.2.3",
      "resolved": "https://registry.npmjs.org/array-slice/-/array-slice-0.2.3.tgz",
      "integrity": "sha512-rlVfZW/1Ph2SNySXwR9QYkChp8EkOEiTMO5Vwx60usw04i4nWemkm9RXmQqgkQFaLHsqLuADvjp6IfgL9l2M8Q==",
      "engines": {
        "node": ">=0.10.0"
      }
    },
    "node_modules/array-unique": {
      "version": "0.2.1",
      "resolved": "https://registry.npmjs.org/array-unique/-/array-unique-0.2.1.tgz",
      "integrity": "sha512-G2n5bG5fSUCpnsXz4+8FUkYsGPkNfLn9YvS66U5qbTIXI2Ynnlo4Bi42bWv+omKUCqz+ejzfClwne0alJWJPhg==",
      "engines": {
        "node": ">=0.10.0"
      }
    },
    "node_modules/bezier": {
      "version": "0.1.0",
      "resolved": "https://registry.npmjs.org/bezier/-/bezier-0.1.0.tgz",
      "integrity": "sha512-2XI2zrtf+NBiIkcAjXwtZ+fWMT5p/5x8DXwSltCxDTOQXyh0bgJ+Llbt8WvTcR1SRhAF38ei6S585GrTXI65sQ=="
    },
    "node_modules/bezier-easing": {
      "version": "2.1.0",
      "resolved": "https://registry.npmjs.org/bezier-easing/-/bezier-easing-2.1.0.tgz",
      "integrity": "sha512-gbIqZ/eslnUFC1tjEvtz0sgx+xTK20wDnYMIA27VA04R7w6xxXQPZDbibjA9DTWZRA2CXtwHykkVzlCaAJAZig=="
    },
    "node_modules/bezier.js": {
      "version": "0.0.0",
      "resolved": "https://registry.npmjs.org/bezier.js/-/bezier.js-0.0.0.tgz",
      "integrity": "sha512-EKKWMujbzs2bpXLE+Ysrf8LgjInN72IvlvphG/aqHoBBuwzgOrdTFvvo7q8YSC+LKGDNJ4U3b8ToKx6BPJgcew==",
      "dependencies": {
        "omi": "latest"
      }
    },
    "node_modules/center-align": {
      "version": "0.1.3",
      "resolved": "https://registry.npmjs.org/center-align/-/center-align-0.1.3.tgz",
      "integrity": "sha512-Baz3aNe2gd2LP2qk5U+sDk/m4oSuwSDcBfayTCTBoWpfIGO5XFxPmjILQII4NGiZjD6DoDI6kf7gKaxkf7s3VQ==",
      "dependencies": {
        "align-text": "^0.1.3",
        "lazy-cache": "^1.0.3"
      },
      "engines": {
        "node": ">=0.10.0"
      }
    },
    "node_modules/construct-style-sheets-polyfill": {
      "version": "3.0.1",
      "resolved": "https://registry.npmjs.org/construct-style-sheets-polyfill/-/construct-style-sheets-polyfill-3.0.1.tgz",
      "integrity": "sha512-vyAiTcS3i29IxjzJ12K2MGUUBYgrF69p6fKD+8ZPRLFhwTtuaxXLpazl4Yw4FITsQXwUMrh8juI1bOHWYjzkwA==",
      "engines": {
        "npm": ">=7"
      }
    },
    "node_modules/esbuild": {
      "version": "0.18.11",
      "resolved": "https://registry.npmjs.org/esbuild/-/esbuild-0.18.11.tgz",
      "integrity": "sha512-i8u6mQF0JKJUlGR3OdFLKldJQMMs8OqM9Cc3UCi9XXziJ9WERM5bfkHaEAy0YAvPRMgqSW55W7xYn84XtEFTtA==",
      "dev": true,
      "hasInstallScript": true,
      "bin": {
        "esbuild": "bin/esbuild"
      },
      "engines": {
        "node": ">=12"
      },
      "optionalDependencies": {
        "@esbuild/android-arm": "0.18.11",
        "@esbuild/android-arm64": "0.18.11",
        "@esbuild/android-x64": "0.18.11",
        "@esbuild/darwin-arm64": "0.18.11",
        "@esbuild/darwin-x64": "0.18.11",
        "@esbuild/freebsd-arm64": "0.18.11",
        "@esbuild/freebsd-x64": "0.18.11",
        "@esbuild/linux-arm": "0.18.11",
        "@esbuild/linux-arm64": "0.18.11",
        "@esbuild/linux-ia32": "0.18.11",
        "@esbuild/linux-loong64": "0.18.11",
        "@esbuild/linux-mips64el": "0.18.11",
        "@esbuild/linux-ppc64": "0.18.11",
        "@esbuild/linux-riscv64": "0.18.11",
        "@esbuild/linux-s390x": "0.18.11",
        "@esbuild/linux-x64": "0.18.11",
        "@esbuild/netbsd-x64": "0.18.11",
        "@esbuild/openbsd-x64": "0.18.11",
        "@esbuild/sunos-x64": "0.18.11",
        "@esbuild/win32-arm64": "0.18.11",
        "@esbuild/win32-ia32": "0.18.11",
        "@esbuild/win32-x64": "0.18.11"
      }
    },
    "node_modules/export-dirs": {
      "version": "0.2.4",
      "resolved": "https://registry.npmjs.org/export-dirs/-/export-dirs-0.2.4.tgz",
      "integrity": "sha512-fBQ2iiw2FPxyzsOOVpWICXUNbuSBanxYYyDy1gaF4Gpfp7UkiuPA6N57Daqf7FpFDyT3g1+L+Rz4tr4aRj9SRw==",
      "engines": {
        "node": ">=0.10.0"
      }
    },
    "node_modules/export-files": {
      "version": "2.1.1",
      "resolved": "https://registry.npmjs.org/export-files/-/export-files-2.1.1.tgz",
      "integrity": "sha512-r2x1Zt0OKgdXRy0bXis3sOI8TNYmo5Fe71qXwsvpYaMvIlH5G0fWEf3AYiE2bONjePdSOojca7Jw+p9CQ6/6NQ==",
      "dependencies": {
        "lazy-cache": "^1.0.3"
      },
      "engines": {
        "node": ">=0.10.0"
      }
    },
    "node_modules/for-in": {
      "version": "0.1.8",
      "resolved": "https://registry.npmjs.org/for-in/-/for-in-0.1.8.tgz",
      "integrity": "sha512-F0to7vbBSHP8E3l6dCjxNOLuSFAACIxFy3UehTUlG7svlXi37HHsDkyVcHo0Pq8QwrE+pXvWSVX3ZT1T9wAZ9g==",
      "engines": {
        "node": ">=0.10.0"
      }
    },
    "node_modules/for-own": {
      "version": "0.1.5",
      "resolved": "https://registry.npmjs.org/for-own/-/for-own-0.1.5.tgz",
      "integrity": "sha512-SKmowqGTJoPzLO1T0BBJpkfp3EMacCMOuH40hOUbrbzElVktk4DioXVM99QkLCyKoiuOmyjgcWMpVz2xjE7LZw==",
      "dependencies": {
        "for-in": "^1.0.1"
      },
      "engines": {
        "node": ">=0.10.0"
      }
    },
    "node_modules/for-own/node_modules/for-in": {
      "version": "1.0.2",
      "resolved": "https://registry.npmjs.org/for-in/-/for-in-1.0.2.tgz",
      "integrity": "sha512-7EwmXrOjyL+ChxMhmG5lnW9MPt1aIeZEwKhQzoBUdTV0N3zuwWDZYVJatDvZ2OyzPUvdIAZDsCetk3coyMfcnQ==",
      "engines": {
        "node": ">=0.10.0"
      }
    },
    "node_modules/fsevents": {
      "version": "2.3.2",
      "resolved": "https://registry.npmjs.org/fsevents/-/fsevents-2.3.2.tgz",
      "integrity": "sha512-xiqMQR4xAeHTuB9uWm+fFRcIOgKBMiOBP+eXiyT7jsgVCq1bkVygt00oASowB7EdtpOHaaPgKt812P9ab+DDKA==",
      "dev": true,
      "hasInstallScript": true,
      "optional": true,
      "os": [
        "darwin"
      ],
      "engines": {
        "node": "^8.16.0 || ^10.6.0 || >=11.0.0"
      }
    },
    "node_modules/has-values": {
      "version": "0.1.4",
      "resolved": "https://registry.npmjs.org/has-values/-/has-values-0.1.4.tgz",
      "integrity": "sha512-J8S0cEdWuQbqD9//tlZxiMuMNmxB8PlEwvYwuxsTmR1G5RXUePEX/SJn7aD0GMLieuZYSwNH0cQuJGwnYunXRQ==",
      "engines": {
        "node": ">=0.10.0"
      }
    },
    "node_modules/is-buffer": {
      "version": "1.1.6",
      "resolved": "https://registry.npmjs.org/is-buffer/-/is-buffer-1.1.6.tgz",
      "integrity": "sha512-NcdALwpXkTm5Zvvbk7owOUSvVvBKDgKP5/ewfXEznmQFfs4ZRmanOeKBTjRVjka3QFoN6XJ+9F3USqfHqTaU5w=="
    },
    "node_modules/is-extendable": {
      "version": "0.1.1",
      "resolved": "https://registry.npmjs.org/is-extendable/-/is-extendable-0.1.1.tgz",
      "integrity": "sha512-5BMULNob1vgFX6EjQw5izWDxrecWK9AM72rugNr0TFldMOi0fj6Jk+zeKIt0xGj4cEfQIJth4w3OKWOJ4f+AFw==",
      "engines": {
        "node": ">=0.10.0"
      }
    },
    "node_modules/is-number": {
      "version": "2.1.0",
      "resolved": "https://registry.npmjs.org/is-number/-/is-number-2.1.0.tgz",
      "integrity": "sha512-QUzH43Gfb9+5yckcrSA0VBDwEtDUchrk4F6tfJZQuNzDJbEDB9cZNzSfXGQ1jqmdDY/kl41lUOWM9syA8z8jlg==",
      "dependencies": {
        "kind-of": "^3.0.2"
      },
      "engines": {
        "node": ">=0.10.0"
      }
    },
    "node_modules/is-number/node_modules/kind-of": {
      "version": "3.2.2",
      "resolved": "https://registry.npmjs.org/kind-of/-/kind-of-3.2.2.tgz",
      "integrity": "sha512-NOW9QQXMoZGg/oqnVNoNTTIFEIid1627WCffUBJEdMxYApq7mNE7CpzucIPc+ZQg25Phej7IJSmX3hO+oblOtQ==",
      "dependencies": {
        "is-buffer": "^1.1.5"
      },
      "engines": {
        "node": ">=0.10.0"
      }
    },
    "node_modules/is-plain-object": {
      "version": "2.0.4",
      "resolved": "https://registry.npmjs.org/is-plain-object/-/is-plain-object-2.0.4.tgz",
      "integrity": "sha512-h5PpgXkWitc38BBMYawTYMWJHFZJVnBquFE57xFpjB8pJFiF6gZ+bU+WyI/yqXiFR5mdLsgYNaPe8uao6Uv9Og==",
      "dependencies": {
        "isobject": "^3.0.1"
      },
      "engines": {
        "node": ">=0.10.0"
      }
    },
    "node_modules/isobject": {
      "version": "3.0.1",
      "resolved": "https://registry.npmjs.org/isobject/-/isobject-3.0.1.tgz",
      "integrity": "sha512-WhB9zCku7EGTj/HQQRz5aUQEUeoQZH2bWcltRErOpymJ4boYE6wL9Tbr23krRPSZ+C5zqNSrSw+Cc7sZZ4b7vg==",
      "engines": {
        "node": ">=0.10.0"
      }
    },
    "node_modules/kind-of": {
      "version": "2.0.1",
      "resolved": "https://registry.npmjs.org/kind-of/-/kind-of-2.0.1.tgz",
      "integrity": "sha512-0u8i1NZ/mg0b+W3MGGw5I7+6Eib2nx72S/QvXa0hYjEkjTknYmEYQJwGu3mLC0BrhtJjtQafTkyRUQ75Kx0LVg==",
      "dependencies": {
        "is-buffer": "^1.0.2"
      },
      "engines": {
        "node": ">=0.10.0"
      }
    },
    "node_modules/lazy-cache": {
      "version": "1.0.4",
      "resolved": "https://registry.npmjs.org/lazy-cache/-/lazy-cache-1.0.4.tgz",
      "integrity": "sha512-RE2g0b5VGZsOCFOCgP7omTRYFqydmZkBwl5oNnQ1lDYC57uyO9KqNnNVxT7COSHTxrRCWVcAVOcbjk+tvh/rgQ==",
      "engines": {
        "node": ">=0.10.0"
      }
    },
    "node_modules/longest": {
      "version": "1.0.1",
      "resolved": "https://registry.npmjs.org/longest/-/longest-1.0.1.tgz",
      "integrity": "sha512-k+yt5n3l48JU4k8ftnKG6V7u32wyH2NfKzeMto9F/QRE0amxy/LayxwlvjjkZEIzqR+19IrtFO8p5kB9QaYUFg==",
      "engines": {
        "node": ">=0.10.0"
      }
    },
    "node_modules/make-iterator": {
      "version": "0.2.1",
      "resolved": "https://registry.npmjs.org/make-iterator/-/make-iterator-0.2.1.tgz",
      "integrity": "sha512-YJMm/IuF0mj/mGPqyw6gbJ3WZCSCTd+1Y1Z1+bqZFjYNZHRXF+CQGTUxE7A65y/iAONUA42BOiJ5cEt4AZpfVg==",
      "dependencies": {
        "kind-of": "^3.0.3"
      },
      "engines": {
        "node": ">=0.10.0"
      }
    },
    "node_modules/make-iterator/node_modules/kind-of": {
      "version": "3.2.2",
      "resolved": "https://registry.npmjs.org/kind-of/-/kind-of-3.2.2.tgz",
      "integrity": "sha512-NOW9QQXMoZGg/oqnVNoNTTIFEIid1627WCffUBJEdMxYApq7mNE7CpzucIPc+ZQg25Phej7IJSmX3hO+oblOtQ==",
      "dependencies": {
        "is-buffer": "^1.1.5"
      },
      "engines": {
        "node": ">=0.10.0"
      }
    },
    "node_modules/nanoid": {
      "version": "3.3.6",
      "resolved": "https://registry.npmjs.org/nanoid/-/nanoid-3.3.6.tgz",
      "integrity": "sha512-BGcqMMJuToF7i1rt+2PWSNVnWIkGCU78jBG3RxO/bZlnZPK2Cmi2QaffxGO/2RvWi9sL+FAiRiXMgsyxQ1DIDA==",
      "dev": true,
      "funding": [
        {
          "type": "github",
          "url": "https://github.com/sponsors/ai"
        }
      ],
      "bin": {
        "nanoid": "bin/nanoid.cjs"
      },
      "engines": {
        "node": "^10 || ^12 || ^13.7 || ^14 || >=15.0.1"
      }
    },
    "node_modules/object.defaults": {
      "version": "0.3.0",
      "resolved": "https://registry.npmjs.org/object.defaults/-/object.defaults-0.3.0.tgz",
      "integrity": "sha512-VOrsFahJiyB6ajWr5z0C8+mFY47WtWn2w5VFkJHjluy28fg22m2yFZDxu3EmKtf4x38GHFjvmRtPx0aQgTTmQg==",
      "dependencies": {
        "array-each": "^0.1.0",
        "array-slice": "^0.2.3",
        "for-own": "^0.1.3",
        "isobject": "^1.0.0"
      },
      "engines": {
        "node": ">=0.10.0"
      }
    },
    "node_modules/object.defaults/node_modules/isobject": {
      "version": "1.0.2",
      "resolved": "https://registry.npmjs.org/isobject/-/isobject-1.0.2.tgz",
      "integrity": "sha512-WQQgFoML/sLgmhu9zTekYHZUJaPoa/fpVMQ8oxIuOvppzs70DxxyHZdAIjwcuuNDOVtNYsahhqtBbUvKwhRcGw==",
      "engines": {
        "node": ">=0.10.0"
      }
    },
    "node_modules/object.filter": {
      "version": "0.3.0",
      "resolved": "https://registry.npmjs.org/object.filter/-/object.filter-0.3.0.tgz",
      "integrity": "sha512-f/OJtvg2H7ZykQpcCbKTSucLhz9+7pmgJzrI3gPaelCkjkg9Pd+moFN2DFDfx/IWS5f/sMeSqe3xXNnb0MV4DQ==",
      "dependencies": {
        "for-own": "^0.1.2",
        "make-iterator": "^0.1.0"
      },
      "engines": {
        "node": ">=0.10.0"
      }
    },
    "node_modules/object.filter/node_modules/make-iterator": {
      "version": "0.1.1",
      "resolved": "https://registry.npmjs.org/make-iterator/-/make-iterator-0.1.1.tgz",
      "integrity": "sha512-s8tbTxYqrfcXYHAPxUecPxgBnWod7yFShdSOWiV17WRM87bBH2mzr24A4tpUDv9SqebaV6JsPApwKXnisMmMBA==",
      "dependencies": {
        "for-own": "^0.1.1"
      },
      "engines": {
        "node": ">=0.10.0"
      }
    },
    "node_modules/object.omit": {
      "version": "2.0.1",
      "resolved": "https://registry.npmjs.org/object.omit/-/object.omit-2.0.1.tgz",
      "integrity": "sha512-UiAM5mhmIuKLsOvrL+B0U2d1hXHF3bFYWIuH1LMpuV2EJEHG1Ntz06PgLEHjm6VFd87NpH8rastvPoyv6UW2fA==",
      "dependencies": {
        "for-own": "^0.1.4",
        "is-extendable": "^0.1.1"
      },
      "engines": {
        "node": ">=0.10.0"
      }
    },
    "node_modules/object.pick": {
      "version": "1.3.0",
      "resolved": "https://registry.npmjs.org/object.pick/-/object.pick-1.3.0.tgz",
      "integrity": "sha512-tqa/UMy/CCoYmj+H5qc07qvSL9dqcs/WZENZ1JbtWBlATP+iVOe778gE6MSijnyCnORzDuX6hU+LA4SZ09YjFQ==",
      "dependencies": {
        "isobject": "^3.0.1"
      },
      "engines": {
        "node": ">=0.10.0"
      }
    },
    "node_modules/object.reduce": {
      "version": "0.1.7",
      "resolved": "https://registry.npmjs.org/object.reduce/-/object.reduce-0.1.7.tgz",
      "integrity": "sha512-5PMRmWAfIbCJavx9xETLSjr0IvHHDOjhW9jnHkOmnTC0Q4d9tWM5GjBAPS+J4yLk2Q+ql/XJBBbBOp2xTzDhDg==",
      "dependencies": {
        "for-own": "^0.1.3"
      },
      "engines": {
        "node": ">=0.10.0"
      }
    },
    "node_modules/omi": {
      "version": "6.25.11",
      "resolved": "https://registry.npmjs.org/omi/-/omi-6.25.11.tgz",
      "integrity": "sha512-3ZffQYQ/rRXKCpNK5uXk3vmjXyplJk2Jopk+JNQXAfTowVeaxO0QU4UWB/AVcvnXFbHicCa1vS9ILhAI6k9Dhw==",
      "dependencies": {
        "construct-style-sheets-polyfill": "3.0.1",
        "weakmap-polyfill": "2.0.4"
      }
    },
    "node_modules/picocolors": {
      "version": "1.0.0",
      "resolved": "https://registry.npmjs.org/picocolors/-/picocolors-1.0.0.tgz",
      "integrity": "sha512-1fygroTLlHu66zi26VoTDv8yRgm0Fccecssto+MhsZ0D/DGW2sm8E8AjW7NU5VVTRt5GxbeZ5qBuJr+HyLYkjQ==",
      "dev": true
    },
    "node_modules/postcss": {
      "version": "8.4.25",
      "resolved": "https://registry.npmjs.org/postcss/-/postcss-8.4.25.tgz",
      "integrity": "sha512-7taJ/8t2av0Z+sQEvNzCkpDynl0tX3uJMCODi6nT3PfASC7dYCWV9aQ+uiCf+KBD4SEFcu+GvJdGdwzQ6OSjCw==",
      "dev": true,
      "funding": [
        {
          "type": "opencollective",
          "url": "https://opencollective.com/postcss/"
        },
        {
          "type": "tidelift",
          "url": "https://tidelift.com/funding/github/npm/postcss"
        },
        {
          "type": "github",
          "url": "https://github.com/sponsors/ai"
        }
      ],
      "dependencies": {
        "nanoid": "^3.3.6",
        "picocolors": "^1.0.0",
        "source-map-js": "^1.0.2"
      },
      "engines": {
        "node": "^10 || ^12 || >=14"
      }
    },
    "node_modules/repeat-string": {
      "version": "1.6.1",
      "resolved": "https://registry.npmjs.org/repeat-string/-/repeat-string-1.6.1.tgz",
      "integrity": "sha512-PV0dzCYDNfRi1jCDbJzpW7jNNDRuCOG/jI5ctQcGKt/clZD+YcPS3yIlWuTJMmESC8aevCFmWJy5wjAFgNqN6w==",
      "engines": {
        "node": ">=0.10"
      }
    },
    "node_modules/right-align": {
      "version": "0.1.3",
      "resolved": "https://registry.npmjs.org/right-align/-/right-align-0.1.3.tgz",
      "integrity": "sha512-yqINtL/G7vs2v+dFIZmFUDbnVyFUJFKd6gK22Kgo6R4jfJGFtisKyncWDDULgjfqf4ASQuIQyjJ7XZ+3aWpsAg==",
      "dependencies": {
        "align-text": "^0.1.1"
      },
      "engines": {
        "node": ">=0.10.0"
      }
    },
    "node_modules/rollup": {
      "version": "3.26.2",
      "resolved": "https://registry.npmjs.org/rollup/-/rollup-3.26.2.tgz",
      "integrity": "sha512-6umBIGVz93er97pMgQO08LuH3m6PUb3jlDUUGFsNJB6VgTCUaDFpupf5JfU30529m/UKOgmiX+uY6Sx8cOYpLA==",
      "dev": true,
      "bin": {
        "rollup": "dist/bin/rollup"
      },
      "engines": {
        "node": ">=14.18.0",
        "npm": ">=8.0.0"
      },
      "optionalDependencies": {
        "fsevents": "~2.3.2"
      }
    },
    "node_modules/source-map-js": {
      "version": "1.0.2",
      "resolved": "https://registry.npmjs.org/source-map-js/-/source-map-js-1.0.2.tgz",
      "integrity": "sha512-R0XvVJ9WusLiqTCEiGCmICCMplcCkIwwR11mOSD9CR5u+IXYdiseeEuXCVAjS54zqwkLcPNnmU4OeJ6tUrWhDw==",
      "dev": true,
      "engines": {
        "node": ">=0.10.0"
      }
    },
    "node_modules/striptags": {
      "version": "2.2.1",
      "resolved": "https://registry.npmjs.org/striptags/-/striptags-2.2.1.tgz",
      "integrity": "sha512-vZTvmFP0IYu/zn8MXV6PrLb6VKbd9WGSEnlm4D5RNXS/+zYYlHrSfJgoBw1w56D6RJCr515er3BittRGQqihLA=="
    },
    "node_modules/utils": {
      "version": "0.3.1",
      "resolved": "https://registry.npmjs.org/utils/-/utils-0.3.1.tgz",
      "integrity": "sha512-MQui5t13wIAkllcVSR/19WTvLxfJRKHwlLmBin3iqJ1F1kFMZtValrOwwn0Ez43bOQwCNhzJAjOoX74UkVI+Xg==",
      "dependencies": {
        "any": "^1.0.0",
        "arr-diff": "^1.1.0",
        "arr-flatten": "^1.0.1",
        "arr-map": "^2.0.0",
        "arr-union": "^3.0.0",
        "array-each": "^0.1.1",
        "array-slice": "^0.2.3",
        "array-unique": "^0.2.1",
        "center-align": "^0.1.1",
        "export-dirs": "^0.2.4",
        "export-files": "^2.1.0",
        "for-in": "^0.1.4",
        "for-own": "^0.1.3",
        "has-values": "^0.1.3",
        "is-number": "^2.0.2",
        "is-plain-object": "^2.0.1",
        "kind-of": "^2.0.1",
        "make-iterator": "^0.2.0",
        "object.defaults": "^0.3.0",
        "object.filter": "^0.3.0",
        "object.omit": "^2.0.0",
        "object.pick": "^1.1.1",
        "object.reduce": "^0.1.7",
        "right-align": "^0.1.3",
        "striptags": "^2.0.3",
        "word-wrap": "^1.1.0"
      },
      "engines": {
        "node": ">=0.10.0"
      }
    },
    "node_modules/vite": {
      "version": "4.4.3",
      "resolved": "https://registry.npmjs.org/vite/-/vite-4.4.3.tgz",
      "integrity": "sha512-IMnXQXXWgLi5brBQx/4WzDxdzW0X3pjO4nqFJAuNvwKtxzAmPzFE1wszW3VDpAGQJm3RZkm/brzRdyGsnwgJIA==",
      "dev": true,
      "dependencies": {
        "esbuild": "^0.18.10",
        "postcss": "^8.4.25",
        "rollup": "^3.25.2"
      },
      "bin": {
        "vite": "bin/vite.js"
      },
      "engines": {
        "node": "^14.18.0 || >=16.0.0"
      },
      "funding": {
        "url": "https://github.com/vitejs/vite?sponsor=1"
      },
      "optionalDependencies": {
        "fsevents": "~2.3.2"
      },
      "peerDependencies": {
        "@types/node": ">= 14",
        "less": "*",
        "lightningcss": "^1.21.0",
        "sass": "*",
        "stylus": "*",
        "sugarss": "*",
        "terser": "^5.4.0"
      },
      "peerDependenciesMeta": {
        "@types/node": {
          "optional": true
        },
        "less": {
          "optional": true
        },
        "lightningcss": {
          "optional": true
        },
        "sass": {
          "optional": true
        },
        "stylus": {
          "optional": true
        },
        "sugarss": {
          "optional": true
        },
        "terser": {
          "optional": true
        }
      }
    },
    "node_modules/weakmap-polyfill": {
      "version": "2.0.4",
      "resolved": "https://registry.npmjs.org/weakmap-polyfill/-/weakmap-polyfill-2.0.4.tgz",
      "integrity": "sha512-ZzxBf288iALJseijWelmECm/1x7ZwQn3sMYIkDr2VvZp7r6SEKuT8D0O9Wiq6L9Nl5mazrOMcmiZE/2NCenaxw==",
      "engines": {
        "node": ">=8.10.0"
      }
    },
    "node_modules/word-wrap": {
      "version": "1.2.3",
      "resolved": "https://registry.npmjs.org/word-wrap/-/word-wrap-1.2.3.tgz",
      "integrity": "sha512-Hz/mrNwitNRh/HUAtM/VT/5VH+ygD6DV7mYKZAtHOrbs8U7lvPS6xf7EJKMF0uW1KJCl0H701g3ZGus+muE5vQ==",
      "engines": {
        "node": ">=0.10.0"
      }
    }
  }
}
